
Microsoft Visual Studio Solution File, Format Version 12.00
# Visual Studio Version 17
VisualStudioVersion = 17.13.35931.197
MinimumVisualStudioVersion = 10.0.40219.1
Project("{8BC9CEB8-8B4A-11D0-8D11-00A0C91BC942}") = "THREADS", "THREADS.vcxproj", "{B19663A7-AA7D-4E5C-A012-4D57736A6177}"
	ProjectSection(ProjectDependencies) = postProject
		{06091828-FC28-4B22-9545-4239B1CB6AE0} = {06091828-FC28-4B22-9545-4239B1CB6AE0}
		{5853C3E5-766C-42F0-A5CA-F756135713E6} = {5853C3E5-766C-42F0-A5CA-F756135713E6}
		{67D41D21-297F-4CB3-8E24-EBB9B8908591} = {67D41D21-297F-4CB3-8E24-EBB9B8908591}
	EndProjectSection
EndProject
Project("{8BC9CEB8-8B4A-11D0-8D11-00A0C91BC942}") = "UTIL", "..\..\LIB\UTIL\UTIL.vcxproj", "{67D41D21-297F-4CB3-8E24-EBB9B8908591}"
EndProject
Project("{8BC9CEB8-8B4A-11D0-8D11-00A0C91BC942}") = "GPH", "..\..\LIB\GPH\GPH.vcxproj", "{06091828-FC28-4B22-9545-4239B1CB6AE0}"
	ProjectSection(ProjectDependencies) = postProject
		{67D41D21-297F-4CB3-8E24-EBB9B8908591} = {67D41D21-297F-4CB3-8E24-EBB9B8908591}
	EndProjectSection
EndProject
Project("{8BC9CEB8-8B4A-11D0-8D11-00A0C91BC942}") = "WIN", "..\..\LIB\WIN\WIN.vcxproj", "{5853C3E5-766C-42F0-A5CA-F756135713E6}"
	ProjectSection(ProjectDependencies) = postProject
		{06091828-FC28-4B22-9545-4239B1CB6AE0} = {06091828-FC28-4B22-9545-4239B1CB6AE0}
		{67D41D21-297F-4CB3-8E24-EBB9B8908591} = {67D41D21-297F-4CB3-8E24-EBB9B8908591}
	EndProjectSection
EndProject
Global
	GlobalSection(SolutionConfigurationPlatforms) = preSolution
		Debug|x64 = Debug|x64
		Debug|x86 = Debug|x86
		Release|x64 = Release|x64
		Release|x86 = Release|x86
	EndGlobalSection
	GlobalSection(ProjectConfigurationPlatforms) = postSolution
		{B19663A7-AA7D-4E5C-A012-4D57736A6177}.Debug|x64.ActiveCfg = Debug|x64
		{B19663A7-AA7D-4E5C-A012-4D57736A6177}.Debug|x64.Build.0 = Debug|x64
		{B19663A7-AA7D-4E5C-A012-4D57736A6177}.Debug|x86.ActiveCfg = Debug|Win32
		{B19663A7-AA7D-4E5C-A012-4D57736A6177}.Debug|x86.Build.0 = Debug|Win32
		{B19663A7-AA7D-4E5C-A012-4D57736A6177}.Release|x64.ActiveCfg = Release|x64
		{B19663A7-AA7D-4E5C-A012-4D57736A6177}.Release|x64.Build.0 = Release|x64
		{B19663A7-AA7D-4E5C-A012-4D57736A6177}.Release|x86.ActiveCfg = Release|Win32
		{B19663A7-AA7D-4E5C-A012-4D57736A6177}.Release|x86.Build.0 = Release|Win32
		{67D41D21-297F-4CB3-8E24-EBB9B8908591}.Debug|x64.ActiveCfg = Debug|x64
		{67D41D21-297F-4CB3-8E24-EBB9B8908591}.Debug|x64.Build.0 = Debug|x64
		{67D41D21-297F-4CB3-8E24-EBB9B8908591}.Debug|x86.ActiveCfg = Debug|Win32
		{67D41D21-297F-4CB3-8E24-EBB9B8908591}.Debug|x86.Build.0 = Debug|Win32
		{67D41D21-297F-4CB3-8E24-EBB9B8908591}.Release|x64.ActiveCfg = Release|x64
		{67D41D21-297F-4CB3-8E24-EBB9B8908591}.Release|x64.Build.0 = Release|x64
		{67D41D21-297F-4CB3-8E24-EBB9B8908591}.Release|x86.ActiveCfg = Release|Win32
		{67D41D21-297F-4CB3-8E24-EBB9B8908591}.Release|x86.Build.0 = Release|Win32
		{06091828-FC28-4B22-9545-4239B1CB6AE0}.Debug|x64.ActiveCfg = Debug|x64
		{06091828-FC28-4B22-9545-4239B1CB6AE0}.Debug|x64.Build.0 = Debug|x64
		{06091828-FC28-4B22-9545-4239B1CB6AE0}.Debug|x86.ActiveCfg = Debug|Win32
		{06091828-FC28-4B22-9545-4239B1CB6AE0}.Debug|x86.Build.0 = Debug|Win32
		{06091828-FC28-4B22-9545-4239B1CB6AE0}.Release|x64.ActiveCfg = Release|x64
		{06091828-FC28-4B22-9545-4239B1CB6AE0}.Release|x64.Build.0 = Release|x64
		{06091828-FC28-4B22-9545-4239B1CB6AE0}.Release|x86.ActiveCfg = Release|Win32
		{06091828-FC28-4B22-9545-4239B1CB6AE0}.Release|x86.Build.0 = Release|Win32
		{5853C3E5-766C-42F0-A5CA-F756135713E6}.Debug|x64.ActiveCfg = Debug|x64
		{5853C3E5-766C-42F0-A5CA-F756135713E6}.Debug|x64.Build.0 = Debug|x64
		{5853C3E5-766C-42F0-A5CA-F756135713E6}.Debug|x86.ActiveCfg = Debug|Win32
		{5853C3E5-766C-42F0-A5CA-F756135713E6}.Debug|x86.Build.0 = Debug|Win32
		{5853C3E5-766C-42F0-A5CA-F756135713E6}.Release|x64.ActiveCfg = Release|x64
		{5853C3E5-766C-42F0-A5CA-F756135713E6}.Release|x64.Build.0 = Release|x64
		{5853C3E5-766C-42F0-A5CA-F756135713E6}.Release|x86.ActiveCfg = Release|Win32
		{5853C3E5-766C-42F0-A5CA-F756135713E6}.Release|x86.Build.0 = Release|Win32
	EndGlobalSection
	GlobalSection(SolutionProperties) = preSolution
		HideSolutionNode = FALSE
	EndGlobalSection
	GlobalSection(ExtensibilityGlobals) = postSolution
		SolutionGuid = {A0919A61-CF4F-40F8-AD4E-269A1DEB4435}
	EndGlobalSection
EndGlobal
